
Microsoft Visual Studio Solution File, Format Version 12.00
# Visual Studio Version 16
VisualStudioVersion = 16.0.30611.23
MinimumVisualStudioVersion = 10.0.40219.1
Project("{8BC9CEB8-8B4A-11D0-8D11-00A0C91BC942}") = "Project2", "Project2\Project2.vcxproj", "{9E4C57E9-59AF-4D6F-94E4-046B62131ADC}"
EndProject
Global
	GlobalSection(SolutionConfigurationPlatforms) = preSolution
		Debug|x64 = Debug|x64
		Debug|x86 = Debug|x86
		Release|x64 = Release|x64
		Release|x86 = Release|x86
	EndGlobalSection
	GlobalSection(ProjectConfigurationPlatforms) = postSolution
		{9E4C57E9-59AF-4D6F-94E4-046B62131ADC}.Debug|x64.ActiveCfg = Debug|x64
		{9E4C57E9-59AF-4D6F-94E4-046B62131ADC}.Debug|x64.Build.0 = Debug|x64
		{9E4C57E9-59AF-4D6F-94E4-046B62131ADC}.Debug|x86.ActiveCfg = Debug|Win32
		{9E4C57E9-59AF-4D6F-94E4-046B62131ADC}.Debug|x86.Build.0 = Debug|Win32
		{9E4C57E9-59AF-4D6F-94E4-046B62131ADC}.Release|x64.ActiveCfg = Release|x64
		{9E4C57E9-59AF-4D6F-94E4-046B62131ADC}.Release|x64.Build.0 = Release|x64
		{9E4C57E9-59AF-4D6F-94E4-046B62131ADC}.Release|x86.ActiveCfg = Release|Win32
		{9E4C57E9-59AF-4D6F-94E4-046B62131ADC}.Release|x86.Build.0 = Release|Win32
	EndGlobalSection
	GlobalSection(SolutionProperties) = preSolution
		HideSolutionNode = FALSE
	EndGlobalSection
	GlobalSection(ExtensibilityGlobals) = postSolution
		SolutionGuid = {EA7E66BA-4D45-4343-9F0C-851D3C6EBDD5}
	EndGlobalSection
EndGlobal
